// !$*UTF8*$!
{
	archiveVersion = 1;
	classes = {
	};
	objectVersion = 46;
	objects = {

/* Begin PBXBuildFile section */
		6D8CF4901F3EA89D00892A86 /* main.m in Sources */ = {isa = PBXBuildFile; fileRef = 6D8CF48F1F3EA89D00892A86 /* main.m */; };
		6D8CF4931F3EA89D00892A86 /* AppDelegate.m in Sources */ = {isa = PBXBuildFile; fileRef = 6D8CF4921F3EA89D00892A86 /* AppDelegate.m */; };
		6D8CF4961F3EA89D00892A86 /* ViewController.m in Sources */ = {isa = PBXBuildFile; fileRef = 6D8CF4951F3EA89D00892A86 /* ViewController.m */; };
		6D8CF4991F3EA89D00892A86 /* Main.storyboard in Resources */ = {isa = PBXBuildFile; fileRef = 6D8CF4971F3EA89D00892A86 /* Main.storyboard */; };
		6D8CF49B1F3EA89D00892A86 /* Assets.xcassets in Resources */ = {isa = PBXBuildFile; fileRef = 6D8CF49A1F3EA89D00892A86 /* Assets.xcassets */; };
		6D8CF49E1F3EA89D00892A86 /* LaunchScreen.storyboard in Resources */ = {isa = PBXBuildFile; fileRef = 6D8CF49C1F3EA89D00892A86 /* LaunchScreen.storyboard */; };
		6D8CF4A91F3EA89D00892A86 /* PCH______Tests.m in Sources */ = {isa = PBXBuildFile; fileRef = 6D8CF4A81F3EA89D00892A86 /* PCH______Tests.m */; };
		6D8CF4B41F3EA89D00892A86 /* PCH______UITests.m in Sources */ = {isa = PBXBuildFile; fileRef = 6D8CF4B31F3EA89D00892A86 /* PCH______UITests.m */; };
		6D8CF4D81F3EF43A00892A86 /* RYConst.m in Sources */ = {isa = PBXBuildFile; fileRef = 6D8CF4D71F3EF43A00892A86 /* RYConst.m */; };
/* End PBXBuildFile section */

/* Begin PBXContainerItemProxy section */
		6D8CF4A51F3EA89D00892A86 /* PBXContainerItemProxy */ = {
			isa = PBXContainerItemProxy;
			containerPortal = 6D8CF4831F3EA89D00892A86 /* Project object */;
			proxyType = 1;
			remoteGlobalIDString = 6D8CF48A1F3EA89D00892A86;
			remoteInfo = "PCH文件与宏定义";
		};
		6D8CF4B01F3EA89D00892A86 /* PBXContainerItemProxy */ = {
			isa = PBXContainerItemProxy;
			containerPortal = 6D8CF4831F3EA89D00892A86 /* Project object */;
			proxyType = 1;
			remoteGlobalIDString = 6D8CF48A1F3EA89D00892A86;
			remoteInfo = "PCH文件与宏定义";
		};
/* End PBXContainerItemProxy section */

/* Begin PBXFileReference section */
		6D8CF48B1F3EA89D00892A86 /* PCH文件与宏定义.app */ = {isa = PBXFileReference; explicitFileType = wrapper.application; includeInIndex = 0; path = "PCH文件与宏定义.app"; sourceTree = BUILT_PRODUCTS_DIR; };
		6D8CF48F1F3EA89D00892A86 /* main.m */ = {isa = PBXFileReference; lastKnownFileType = sourcecode.c.objc; path = main.m; sourceTree = "<group>"; };
		6D8CF4911F3EA89D00892A86 /* AppDelegate.h */ = {isa = PBXFileReference; lastKnownFileType = sourcecode.c.h; path = AppDelegate.h; sourceTree = "<group>"; };
		6D8CF4921F3EA89D00892A86 /* AppDelegate.m */ = {isa = PBXFileReference; lastKnownFileType = sourcecode.c.objc; path = AppDelegate.m; sourceTree = "<group>"; };
		6D8CF4941F3EA89D00892A86 /* ViewController.h */ = {isa = PBXFileReference; lastKnownFileType = sourcecode.c.h; path = ViewController.h; sourceTree = "<group>"; };
		6D8CF4951F3EA89D00892A86 /* ViewController.m */ = {isa = PBXFileReference; lastKnownFileType = sourcecode.c.objc; path = ViewController.m; sourceTree = "<group>"; };
		6D8CF4981F3EA89D00892A86 /* Base */ = {isa = PBXFileReference; lastKnownFileType = file.storyboard; name = Base; path = Base.lproj/Main.storyboard; sourceTree = "<group>"; };
		6D8CF49A1F3EA89D00892A86 /* Assets.xcassets */ = {isa = PBXFileReference; lastKnownFileType = folder.assetcatalog; path = Assets.xcassets; sourceTree = "<group>"; };
		6D8CF49D1F3EA89D00892A86 /* Base */ = {isa = PBXFileReference; lastKnownFileType = file.storyboard; name = Base; path = Base.lproj/LaunchScreen.storyboard; sourceTree = "<group>"; };
		6D8CF49F1F3EA89D00892A86 /* Info.plist */ = {isa = PBXFileReference; lastKnownFileType = text.plist.xml; path = Info.plist; sourceTree = "<group>"; };
		6D8CF4A41F3EA89D00892A86 /* PCH文件与宏定义Tests.xctest */ = {isa = PBXFileReference; explicitFileType = wrapper.cfbundle; includeInIndex = 0; path = "PCH文件与宏定义Tests.xctest"; sourceTree = BUILT_PRODUCTS_DIR; };
		6D8CF4A81F3EA89D00892A86 /* PCH______Tests.m */ = {isa = PBXFileReference; lastKnownFileType = sourcecode.c.objc; path = "PCH______Tests.m"; sourceTree = "<group>"; };
		6D8CF4AA1F3EA89D00892A86 /* Info.plist */ = {isa = PBXFileReference; lastKnownFileType = text.plist.xml; path = Info.plist; sourceTree = "<group>"; };
		6D8CF4AF1F3EA89D00892A86 /* PCH文件与宏定义UITests.xctest */ = {isa = PBXFileReference; explicitFileType = wrapper.cfbundle; includeInIndex = 0; path = "PCH文件与宏定义UITests.xctest"; sourceTree = BUILT_PRODUCTS_DIR; };
		6D8CF4B31F3EA89D00892A86 /* PCH______UITests.m */ = {isa = PBXFileReference; lastKnownFileType = sourcecode.c.objc; path = "PCH______UITests.m"; sourceTree = "<group>"; };
		6D8CF4B51F3EA89D00892A86 /* Info.plist */ = {isa = PBXFileReference; lastKnownFileType = text.plist.xml; path = Info.plist; sourceTree = "<group>"; };
		6D8CF4C51F3EA9E500892A86 /* MyTest.pch */ = {isa = PBXFileReference; lastKnownFileType = sourcecode.c.h; path = MyTest.pch; sourceTree = "<group>"; };
		6D8CF4C61F3ECC3900892A86 /* HeaderTest.h */ = {isa = PBXFileReference; lastKnownFileType = sourcecode.c.h; path = HeaderTest.h; sourceTree = "<group>"; };
		6D8CF4D61F3EF43A00892A86 /* RYConst.h */ = {isa = PBXFileReference; fileEncoding = 4; lastKnownFileType = sourcecode.c.h; path = RYConst.h; sourceTree = "<group>"; };
		6D8CF4D71F3EF43A00892A86 /* RYConst.m */ = {isa = PBXFileReference; fileEncoding = 4; lastKnownFileType = sourcecode.c.objc; path = RYConst.m; sourceTree = "<group>"; };
/* End PBXFileReference section */

/* Begin PBXFrameworksBuildPhase section */
		6D8CF4881F3EA89D00892A86 /* Frameworks */ = {
			isa = PBXFrameworksBuildPhase;
			buildActionMask = 2147483647;
			files = (
			);
			runOnlyForDeploymentPostprocessing = 0;
		};
		6D8CF4A11F3EA89D00892A86 /* Frameworks */ = {
			isa = PBXFrameworksBuildPhase;
			buildActionMask = 2147483647;
			files = (
			);
			runOnlyForDeploymentPostprocessing = 0;
		};
		6D8CF4AC1F3EA89D00892A86 /* Frameworks */ = {
			isa = PBXFrameworksBuildPhase;
			buildActionMask = 2147483647;
			files = (
			);
			runOnlyForDeploymentPostprocessing = 0;
		};
/* End PBXFrameworksBuildPhase section */

/* Begin PBXGroup section */
		6D8CF4821F3EA89D00892A86 = {
			isa = PBXGroup;
			children = (
				6D8CF48D1F3EA89D00892A86 /* PCH文件与宏定义 */,
				6D8CF4A71F3EA89D00892A86 /* PCH文件与宏定义Tests */,
				6D8CF4B21F3EA89D00892A86 /* PCH文件与宏定义UITests */,
				6D8CF48C1F3EA89D00892A86 /* Products */,
			);
			sourceTree = "<group>";
		};
		6D8CF48C1F3EA89D00892A86 /* Products */ = {
			isa = PBXGroup;
			children = (
				6D8CF48B1F3EA89D00892A86 /* PCH文件与宏定义.app */,
				6D8CF4A41F3EA89D00892A86 /* PCH文件与宏定义Tests.xctest */,
				6D8CF4AF1F3EA89D00892A86 /* PCH文件与宏定义UITests.xctest */,
			);
			name = Products;
			sourceTree = "<group>";
		};
		6D8CF48D1F3EA89D00892A86 /* PCH文件与宏定义 */ = {
			isa = PBXGroup;
			children = (
				6D8CF4911F3EA89D00892A86 /* AppDelegate.h */,
				6D8CF4C51F3EA9E500892A86 /* MyTest.pch */,
				6D8CF4C61F3ECC3900892A86 /* HeaderTest.h */,
				6D8CF4D61F3EF43A00892A86 /* RYConst.h */,
				6D8CF4D71F3EF43A00892A86 /* RYConst.m */,
				6D8CF4921F3EA89D00892A86 /* AppDelegate.m */,
				6D8CF4941F3EA89D00892A86 /* ViewController.h */,
				6D8CF4951F3EA89D00892A86 /* ViewController.m */,
				6D8CF4971F3EA89D00892A86 /* Main.storyboard */,
				6D8CF49A1F3EA89D00892A86 /* Assets.xcassets */,
				6D8CF49C1F3EA89D00892A86 /* LaunchScreen.storyboard */,
				6D8CF49F1F3EA89D00892A86 /* Info.plist */,
				6D8CF48E1F3EA89D00892A86 /* Supporting Files */,
			);
			path = "PCH文件与宏定义";
			sourceTree = "<group>";
		};
		6D8CF48E1F3EA89D00892A86 /* Supporting Files */ = {
			isa = PBXGroup;
			children = (
				6D8CF48F1F3EA89D00892A86 /* main.m */,
			);
			name = "Supporting Files";
			sourceTree = "<group>";
		};
		6D8CF4A71F3EA89D00892A86 /* PCH文件与宏定义Tests */ = {
			isa = PBXGroup;
			children = (
				6D8CF4A81F3EA89D00892A86 /* PCH______Tests.m */,
				6D8CF4AA1F3EA89D00892A86 /* Info.plist */,
			);
			path = "PCH文件与宏定义Tests";
			sourceTree = "<group>";
		};
		6D8CF4B21F3EA89D00892A86 /* PCH文件与宏定义UITests */ = {
			isa = PBXGroup;
			children = (
				6D8CF4B31F3EA89D00892A86 /* PCH______UITests.m */,
				6D8CF4B51F3EA89D00892A86 /* Info.plist */,
			);
			path = "PCH文件与宏定义UITests";
			sourceTree = "<group>";
		};
/* End PBXGroup section */

/* Begin PBXNativeTarget section */
		6D8CF48A1F3EA89D00892A86 /* PCH文件与宏定义 */ = {
			isa = PBXNativeTarget;
			buildConfigurationList = 6D8CF4B81F3EA89D00892A86 /* Build configuration list for PBXNativeTarget "PCH文件与宏定义" */;
			buildPhases = (
				6D8CF4871F3EA89D00892A86 /* Sources */,
				6D8CF4881F3EA89D00892A86 /* Frameworks */,
				6D8CF4891F3EA89D00892A86 /* Resources */,
			);
			buildRules = (
			);
			dependencies = (
			);
			name = "PCH文件与宏定义";
			productName = "PCH文件与宏定义";
			productReference = 6D8CF48B1F3EA89D00892A86 /* PCH文件与宏定义.app */;
			productType = "com.apple.product-type.application";
		};
		6D8CF4A31F3EA89D00892A86 /* PCH文件与宏定义Tests */ = {
			isa = PBXNativeTarget;
			buildConfigurationList = 6D8CF4BB1F3EA89D00892A86 /* Build configuration list for PBXNativeTarget "PCH文件与宏定义Tests" */;
			buildPhases = (
				6D8CF4A01F3EA89D00892A86 /* Sources */,
				6D8CF4A11F3EA89D00892A86 /* Frameworks */,
				6D8CF4A21F3EA89D00892A86 /* Resources */,
			);
			buildRules = (
			);
			dependencies = (
				6D8CF4A61F3EA89D00892A86 /* PBXTargetDependency */,
			);
			name = "PCH文件与宏定义Tests";
			productName = "PCH文件与宏定义Tests";
			productReference = 6D8CF4A41F3EA89D00892A86 /* PCH文件与宏定义Tests.xctest */;
			productType = "com.apple.product-type.bundle.unit-test";
		};
		6D8CF4AE1F3EA89D00892A86 /* PCH文件与宏定义UITests */ = {
			isa = PBXNativeTarget;
			buildConfigurationList = 6D8CF4BE1F3EA89D00892A86 /* Build configuration list for PBXNativeTarget "PCH文件与宏定义UITests" */;
			buildPhases = (
				6D8CF4AB1F3EA89D00892A86 /* Sources */,
				6D8CF4AC1F3EA89D00892A86 /* Frameworks */,
				6D8CF4AD1F3EA89D00892A86 /* Resources */,
			);
			buildRules = (
			);
			dependencies = (
				6D8CF4B11F3EA89D00892A86 /* PBXTargetDependency */,
			);
			name = "PCH文件与宏定义UITests";
			productName = "PCH文件与宏定义UITests";
			productReference = 6D8CF4AF1F3EA89D00892A86 /* PCH文件与宏定义UITests.xctest */;
			productType = "com.apple.product-type.bundle.ui-testing";
		};
/* End PBXNativeTarget section */

/* Begin PBXProject section */
		6D8CF4831F3EA89D00892A86 /* Project object */ = {
			isa = PBXProject;
			attributes = {
				LastUpgradeCheck = 0830;
				ORGANIZATIONNAME = LRY;
				TargetAttributes = {
					6D8CF48A1F3EA89D00892A86 = {
						CreatedOnToolsVersion = 8.3.1;
						DevelopmentTeam = JNFXE8VMGX;
						ProvisioningStyle = Automatic;
					};
					6D8CF4A31F3EA89D00892A86 = {
						CreatedOnToolsVersion = 8.3.1;
						DevelopmentTeam = JNFXE8VMGX;
						ProvisioningStyle = Automatic;
						TestTargetID = 6D8CF48A1F3EA89D00892A86;
					};
					6D8CF4AE1F3EA89D00892A86 = {
						CreatedOnToolsVersion = 8.3.1;
						DevelopmentTeam = JNFXE8VMGX;
						ProvisioningStyle = Automatic;
						TestTargetID = 6D8CF48A1F3EA89D00892A86;
					};
				};
			};
			buildConfigurationList = 6D8CF4861F3EA89D00892A86 /* Build configuration list for PBXProject "PCH文件与宏定义" */;
			compatibilityVersion = "Xcode 3.2";
			developmentRegion = English;
			hasScannedForEncodings = 0;
			knownRegions = (
				en,
				Base,
			);
			mainGroup = 6D8CF4821F3EA89D00892A86;
			productRefGroup = 6D8CF48C1F3EA89D00892A86 /* Products */;
			projectDirPath = "";
			projectRoot = "";
			targets = (
				6D8CF48A1F3EA89D00892A86 /* PCH文件与宏定义 */,
				6D8CF4A31F3EA89D00892A86 /* PCH文件与宏定义Tests */,
				6D8CF4AE1F3EA89D00892A86 /* PCH文件与宏定义UITests */,
			);
		};
/* End PBXProject section */

/* Begin PBXResourcesBuildPhase section */
		6D8CF4891F3EA89D00892A86 /* Resources */ = {
			isa = PBXResourcesBuildPhase;
			buildActionMask = 2147483647;
			files = (
				6D8CF49E1F3EA89D00892A86 /* LaunchScreen.storyboard in Resources */,
				6D8CF49B1F3EA89D00892A86 /* Assets.xcassets in Resources */,
				6D8CF4991F3EA89D00892A86 /* Main.storyboard in Resources */,
			);
			runOnlyForDeploymentPostprocessing = 0;
		};
		6D8CF4A21F3EA89D00892A86 /* Resources */ = {
			isa = PBXResourcesBuildPhase;
			buildActionMask = 2147483647;
			files = (
			);
			runOnlyForDeploymentPostprocessing = 0;
		};
		6D8CF4AD1F3EA89D00892A86 /* Resources */ = {
			isa = PBXResourcesBuildPhase;
			buildActionMask = 2147483647;
			files = (
			);
			runOnlyForDeploymentPostprocessing = 0;
		};
/* End PBXResourcesBuildPhase section */

/* Begin PBXSourcesBuildPhase section */
		6D8CF4871F3EA89D00892A86 /* Sources */ = {
			isa = PBXSourcesBuildPhase;
			buildActionMask = 2147483647;
			files = (
				6D8CF4961F3EA89D00892A86 /* ViewController.m in Sources */,
				6D8CF4931F3EA89D00892A86 /* AppDelegate.m in Sources */,
				6D8CF4D81F3EF43A00892A86 /* RYConst.m in Sources */,
				6D8CF4901F3EA89D00892A86 /* main.m in Sources */,
			);
			runOnlyForDeploymentPostprocessing = 0;
		};
		6D8CF4A01F3EA89D00892A86 /* Sources */ = {
			isa = PBXSourcesBuildPhase;
			buildActionMask = 2147483647;
			files = (
				6D8CF4A91F3EA89D00892A86 /* PCH______Tests.m in Sources */,
			);
			runOnlyForDeploymentPostprocessing = 0;
		};
		6D8CF4AB1F3EA89D00892A86 /* Sources */ = {
			isa = PBXSourcesBuildPhase;
			buildActionMask = 2147483647;
			files = (
				6D8CF4B41F3EA89D00892A86 /* PCH______UITests.m in Sources */,
			);
			runOnlyForDeploymentPostprocessing = 0;
		};
/* End PBXSourcesBuildPhase section */

/* Begin PBXTargetDependency section */
		6D8CF4A61F3EA89D00892A86 /* PBXTargetDependency */ = {
			isa = PBXTargetDependency;
			target = 6D8CF48A1F3EA89D00892A86 /* PCH文件与宏定义 */;
			targetProxy = 6D8CF4A51F3EA89D00892A86 /* PBXContainerItemProxy */;
		};
		6D8CF4B11F3EA89D00892A86 /* PBXTargetDependency */ = {
			isa = PBXTargetDependency;
			target = 6D8CF48A1F3EA89D00892A86 /* PCH文件与宏定义 */;
			targetProxy = 6D8CF4B01F3EA89D00892A86 /* PBXContainerItemProxy */;
		};
/* End PBXTargetDependency section */

/* Begin PBXVariantGroup section */
		6D8CF4971F3EA89D00892A86 /* Main.storyboard */ = {
			isa = PBXVariantGroup;
			children = (
				6D8CF4981F3EA89D00892A86 /* Base */,
			);
			name = Main.storyboard;
			sourceTree = "<group>";
		};
		6D8CF49C1F3EA89D00892A86 /* LaunchScreen.storyboard */ = {
			isa = PBXVariantGroup;
			children = (
				6D8CF49D1F3EA89D00892A86 /* Base */,
			);
			name = LaunchScreen.storyboard;
			sourceTree = "<group>";
		};
/* End PBXVariantGroup section */

/* Begin XCBuildConfiguration section */
		6D8CF4B61F3EA89D00892A86 /* Debug */ = {
			isa = XCBuildConfiguration;
			buildSettings = {
				ALWAYS_SEARCH_USER_PATHS = NO;
				CLANG_ANALYZER_NONNULL = YES;
				CLANG_ANALYZER_NUMBER_OBJECT_CONVERSION = YES_AGGRESSIVE;
				CLANG_CXX_LANGUAGE_STANDARD = "gnu++0x";
				CLANG_CXX_LIBRARY = "libc++";
				CLANG_ENABLE_MODULES = YES;
				CLANG_ENABLE_OBJC_ARC = YES;
				CLANG_WARN_BOOL_CONVERSION = YES;
				CLANG_WARN_CONSTANT_CONVERSION = YES;
				CLANG_WARN_DIRECT_OBJC_ISA_USAGE = YES_ERROR;
				CLANG_WARN_DOCUMENTATION_COMMENTS = YES;
				CLANG_WARN_EMPTY_BODY = YES;
				CLANG_WARN_ENUM_CONVERSION = YES;
				CLANG_WARN_INFINITE_RECURSION = YES;
				CLANG_WARN_INT_CONVERSION = YES;
				CLANG_WARN_OBJC_ROOT_CLASS = YES_ERROR;
				CLANG_WARN_SUSPICIOUS_MOVE = YES;
				CLANG_WARN_UNREACHABLE_CODE = YES;
				CLANG_WARN__DUPLICATE_METHOD_MATCH = YES;
				"CODE_SIGN_IDENTITY[sdk=iphoneos*]" = "iPhone Developer";
				COPY_PHASE_STRIP = NO;
				DEBUG_INFORMATION_FORMAT = dwarf;
				ENABLE_STRICT_OBJC_MSGSEND = YES;
				ENABLE_TESTABILITY = YES;
				GCC_C_LANGUAGE_STANDARD = gnu99;
				GCC_DYNAMIC_NO_PIC = NO;
				GCC_NO_COMMON_BLOCKS = YES;
				GCC_OPTIMIZATION_LEVEL = 0;
				GCC_PREPROCESSOR_DEFINITIONS = (
					"DEBUG=1",
					"$(inherited)",
				);
				GCC_WARN_64_TO_32_BIT_CONVERSION = YES;
				GCC_WARN_ABOUT_RETURN_TYPE = YES_ERROR;
				GCC_WARN_UNDECLARED_SELECTOR = YES;
				GCC_WARN_UNINITIALIZED_AUTOS = YES_AGGRESSIVE;
				GCC_WARN_UNUSED_FUNCTION = YES;
				GCC_WARN_UNUSED_VARIABLE = YES;
				IPHONEOS_DEPLOYMENT_TARGET = 10.3;
				MTL_ENABLE_DEBUG_INFO = YES;
				ONLY_ACTIVE_ARCH = YES;
				SDKROOT = iphoneos;
			};
			name = Debug;
		};
		6D8CF4B71F3EA89D00892A86 /* Release */ = {
			isa = XCBuildConfiguration;
			buildSettings = {
				ALWAYS_SEARCH_USER_PATHS = NO;
				CLANG_ANALYZER_NONNULL = YES;
				CLANG_ANALYZER_NUMBER_OBJECT_CONVERSION = YES_AGGRESSIVE;
				CLANG_CXX_LANGUAGE_STANDARD = "gnu++0x";
				CLANG_CXX_LIBRARY = "libc++";
				CLANG_ENABLE_MODULES = YES;
				CLANG_ENABLE_OBJC_ARC = YES;
				CLANG_WARN_BOOL_CONVERSION = YES;
				CLANG_WARN_CONSTANT_CONVERSION = YES;
				CLANG_WARN_DIRECT_OBJC_ISA_USAGE = YES_ERROR;
				CLANG_WARN_DOCUMENTATION_COMMENTS = YES;
				CLANG_WARN_EMPTY_BODY = YES;
				CLANG_WARN_ENUM_CONVERSION = YES;
				CLANG_WARN_INFINITE_RECURSION = YES;
				CLANG_WARN_INT_CONVERSION = YES;
				CLANG_WARN_OBJC_ROOT_CLASS = YES_ERROR;
				CLANG_WARN_SUSPICIOUS_MOVE = YES;
				CLANG_WARN_UNREACHABLE_CODE = YES;
				CLANG_WARN__DUPLICATE_METHOD_MATCH = YES;
				"CODE_SIGN_IDENTITY[sdk=iphoneos*]" = "iPhone Developer";
				COPY_PHASE_STRIP = NO;
				DEBUG_INFORMATION_FORMAT = "dwarf-with-dsym";
				ENABLE_NS_ASSERTIONS = NO;
				ENABLE_STRICT_OBJC_MSGSEND = YES;
				GCC_C_LANGUAGE_STANDARD = gnu99;
				GCC_NO_COMMON_BLOCKS = YES;
				GCC_WARN_64_TO_32_BIT_CONVERSION = YES;
				GCC_WARN_ABOUT_RETURN_TYPE = YES_ERROR;
				GCC_WARN_UNDECLARED_SELECTOR = YES;
				GCC_WARN_UNINITIALIZED_AUTOS = YES_AGGRESSIVE;
				GCC_WARN_UNUSED_FUNCTION = YES;
				GCC_WARN_UNUSED_VARIABLE = YES;
				IPHONEOS_DEPLOYMENT_TARGET = 10.3;
				MTL_ENABLE_DEBUG_INFO = NO;
				SDKROOT = iphoneos;
				VALIDATE_PRODUCT = YES;
			};
			name = Release;
		};
		6D8CF4B91F3EA89D00892A86 /* Debug */ = {
			isa = XCBuildConfiguration;
			buildSettings = {
				ASSETCATALOG_COMPILER_APPICON_NAME = AppIcon;
				DEVELOPMENT_TEAM = JNFXE8VMGX;
				GCC_PRECOMPILE_PREFIX_HEADER = YES;
				GCC_PREFIX_HEADER = "$(SRCROOT)/PCH文件与宏定义/MyTest.pch";
				INFOPLIST_FILE = "PCH文件与宏定义/Info.plist";
				LD_RUNPATH_SEARCH_PATHS = "$(inherited) @executable_path/Frameworks";
				PRODUCT_BUNDLE_IDENTIFIER = "kz.PCH------";
				PRODUCT_NAME = "$(TARGET_NAME)";
			};
			name = Debug;
		};
		6D8CF4BA1F3EA89D00892A86 /* Release */ = {
			isa = XCBuildConfiguration;
			buildSettings = {
				ASSETCATALOG_COMPILER_APPICON_NAME = AppIcon;
				DEVELOPMENT_TEAM = JNFXE8VMGX;
				GCC_PRECOMPILE_PREFIX_HEADER = YES;
				GCC_PREFIX_HEADER = "$(SRCROOT)/PCH文件与宏定义/MyTest.pch";
				INFOPLIST_FILE = "PCH文件与宏定义/Info.plist";
				LD_RUNPATH_SEARCH_PATHS = "$(inherited) @executable_path/Frameworks";
				PRODUCT_BUNDLE_IDENTIFIER = "kz.PCH------";
				PRODUCT_NAME = "$(TARGET_NAME)";
			};
			name = Release;
		};
		6D8CF4BC1F3EA89D00892A86 /* Debug */ = {
			isa = XCBuildConfiguration;
			buildSettings = {
				BUNDLE_LOADER = "$(TEST_HOST)";
				DEVELOPMENT_TEAM = JNFXE8VMGX;
				INFOPLIST_FILE = "PCH文件与宏定义Tests/Info.plist";
				LD_RUNPATH_SEARCH_PATHS = "$(inherited) @executable_path/Frameworks @loader_path/Frameworks";
				PRODUCT_BUNDLE_IDENTIFIER = "kz.PCH------Tests";
				PRODUCT_NAME = "$(TARGET_NAME)";
				TEST_HOST = "$(BUILT_PRODUCTS_DIR)/PCH文件与宏定义.app/PCH文件与宏定义";
			};
			name = Debug;
		};
		6D8CF4BD1F3EA89D00892A86 /* Release */ = {
			isa = XCBuildConfiguration;
			buildSettings = {
				BUNDLE_LOADER = "$(TEST_HOST)";
				DEVELOPMENT_TEAM = JNFXE8VMGX;
				INFOPLIST_FILE = "PCH文件与宏定义Tests/Info.plist";
				LD_RUNPATH_SEARCH_PATHS = "$(inherited) @executable_path/Frameworks @loader_path/Frameworks";
				PRODUCT_BUNDLE_IDENTIFIER = "kz.PCH------Tests";
				PRODUCT_NAME = "$(TARGET_NAME)";
				TEST_HOST = "$(BUILT_PRODUCTS_DIR)/PCH文件与宏定义.app/PCH文件与宏定义";
			};
			name = Release;
		};
		6D8CF4BF1F3EA89D00892A86 /* Debug */ = {
			isa = XCBuildConfiguration;
			buildSettings = {
				DEVELOPMENT_TEAM = JNFXE8VMGX;
				INFOPLIST_FILE = "PCH文件与宏定义UITests/Info.plist";
				LD_RUNPATH_SEARCH_PATHS = "$(inherited) @executable_path/Frameworks @loader_path/Frameworks";
				PRODUCT_BUNDLE_IDENTIFIER = "kz.PCH------UITests";
				PRODUCT_NAME = "$(TARGET_NAME)";
				TEST_TARGET_NAME = "PCH文件与宏定义";
			};
			name = Debug;
		};
		6D8CF4C01F3EA89D00892A86 /* Release */ = {
			isa = XCBuildConfiguration;
			buildSettings = {
				DEVELOPMENT_TEAM = JNFXE8VMGX;
				INFOPLIST_FILE = "PCH文件与宏定义UITests/Info.plist";
				LD_RUNPATH_SEARCH_PATHS = "$(inherited) @executable_path/Frameworks @loader_path/Frameworks";
				PRODUCT_BUNDLE_IDENTIFIER = "kz.PCH------UITests";
				PRODUCT_NAME = "$(TARGET_NAME)";
				TEST_TARGET_NAME = "PCH文件与宏定义";
			};
			name = Release;
		};
/* End XCBuildConfiguration section */

/* Begin XCConfigurationList section */
		6D8CF4861F3EA89D00892A86 /* Build configuration list for PBXProject "PCH文件与宏定义" */ = {
			isa = XCConfigurationList;
			buildConfigurations = (
				6D8CF4B61F3EA89D00892A86 /* Debug */,
				6D8CF4B71F3EA89D00892A86 /* Release */,
			);
			defaultConfigurationIsVisible = 0;
			defaultConfigurationName = Release;
		};
		6D8CF4B81F3EA89D00892A86 /* Build configuration list for PBXNativeTarget "PCH文件与宏定义" */ = {
			isa = XCConfigurationList;
			buildConfigurations = (
				6D8CF4B91F3EA89D00892A86 /* Debug */,
				6D8CF4BA1F3EA89D00892A86 /* Release */,
			);
			defaultConfigurationIsVisible = 0;
			defaultConfigurationName = Release;
		};
		6D8CF4BB1F3EA89D00892A86 /* Build configuration list for PBXNativeTarget "PCH文件与宏定义Tests" */ = {
			isa = XCConfigurationList;
			buildConfigurations = (
				6D8CF4BC1F3EA89D00892A86 /* Debug */,
				6D8CF4BD1F3EA89D00892A86 /* Release */,
			);
			defaultConfigurationIsVisible = 0;
			defaultConfigurationName = Release;
		};
		6D8CF4BE1F3EA89D00892A86 /* Build configuration list for PBXNativeTarget "PCH文件与宏定义UITests" */ = {
			isa = XCConfigurationList;
			buildConfigurations = (
				6D8CF4BF1F3EA89D00892A86 /* Debug */,
				6D8CF4C01F3EA89D00892A86 /* Release */,
			);
			defaultConfigurationIsVisible = 0;
			defaultConfigurationName = Release;
		};
/* End XCConfigurationList section */
	};
	rootObject = 6D8CF4831F3EA89D00892A86 /* Project object */;
}
